
Microsoft Visual Studio Solution File, Format Version 12.00
# Visual Studio Version 16
VisualStudioVersion = 16.0.30711.63
MinimumVisualStudioVersion = 10.0.40219.1
Project("{FAE04EC0-301F-11D3-BF4B-00C04F79EFBC}") = "Assign4", "Assign4.csproj", "{306F69FD-C381-4BDB-9FB3-668A767793F5}"
EndProject
Global
	GlobalSection(SolutionConfigurationPlatforms) = preSolution
		Debug|Any CPU = Debug|Any CPU
		Release|Any CPU = Release|Any CPU
	EndGlobalSection
	GlobalSection(ProjectConfigurationPlatforms) = postSolution
		{306F69FD-C381-4BDB-9FB3-668A767793F5}.Debug|Any CPU.ActiveCfg = Debug|Any CPU
		{306F69FD-C381-4BDB-9FB3-668A767793F5}.Debug|Any CPU.Build.0 = Debug|Any CPU
		{306F69FD-C381-4BDB-9FB3-668A767793F5}.Release|Any CPU.ActiveCfg = Release|Any CPU
		{306F69FD-C381-4BDB-9FB3-668A767793F5}.Release|Any CPU.Build.0 = Release|Any CPU
	EndGlobalSection
	GlobalSection(SolutionProperties) = preSolution
		HideSolutionNode = FALSE
	EndGlobalSection
	GlobalSection(ExtensibilityGlobals) = postSolution
		SolutionGuid = {DDD54B0C-DE27-4E24-B779-EB32489F3485}
	EndGlobalSection
EndGlobal
